
Microsoft Visual Studio Solution File, Format Version 12.00
# Visual Studio Version 17
VisualStudioVersion = 17.5.002.0
MinimumVisualStudioVersion = 10.0.40219.1
Project("{9A19103F-16F7-4668-BE54-9A1E7A4F7556}") = "Otanabi.Core", "Otanabi.Core.csproj", "{750905EA-F1CA-4C95-B405-A21C00ACEF55}"
EndProject
Global
	GlobalSection(SolutionConfigurationPlatforms) = preSolution
		Debug|Any CPU = Debug|Any CPU
		Release|Any CPU = Release|Any CPU
	EndGlobalSection
	GlobalSection(ProjectConfigurationPlatforms) = postSolution
		{750905EA-F1CA-4C95-B405-A21C00ACEF55}.Debug|Any CPU.ActiveCfg = Debug|Any CPU
		{750905EA-F1CA-4C95-B405-A21C00ACEF55}.Debug|Any CPU.Build.0 = Debug|Any CPU
		{750905EA-F1CA-4C95-B405-A21C00ACEF55}.Release|Any CPU.ActiveCfg = Release|Any CPU
		{750905EA-F1CA-4C95-B405-A21C00ACEF55}.Release|Any CPU.Build.0 = Release|Any CPU
	EndGlobalSection
	GlobalSection(SolutionProperties) = preSolution
		HideSolutionNode = FALSE
	EndGlobalSection
	GlobalSection(ExtensibilityGlobals) = postSolution
		SolutionGuid = {DCAE9FE4-0BFC-476B-990D-AC3BFFA1B87B}
	EndGlobalSection
EndGlobal
